
Microsoft Visual Studio Solution File, Format Version 12.00
# Visual Studio Version 17
VisualStudioVersion = 17.12.35707.178
MinimumVisualStudioVersion = 10.0.40219.1
Project("{FAE04EC0-301F-11D3-BF4B-00C04F79EFBC}") = "WifloWatchBackend", "WifloWatchBackend\WifloWatchBackend.csproj", "{98C4F68C-609F-4F2C-AED4-368ED35A1660}"
EndProject
Project("{FAE04EC0-301F-11D3-BF4B-00C04F79EFBC}") = "WifloWatchBackend.Tests", "WifloWatchBackend.Tests\WifloWatchBackend.Tests.csproj", "{E92C91B5-88E6-4CB5-BF0A-D25DE7C61887}"
EndProject
Global
	GlobalSection(SolutionConfigurationPlatforms) = preSolution
		Debug|Any CPU = Debug|Any CPU
		Release|Any CPU = Release|Any CPU
	EndGlobalSection
	GlobalSection(ProjectConfigurationPlatforms) = postSolution
		{98C4F68C-609F-4F2C-AED4-368ED35A1660}.Debug|Any CPU.ActiveCfg = Debug|Any CPU
		{98C4F68C-609F-4F2C-AED4-368ED35A1660}.Debug|Any CPU.Build.0 = Debug|Any CPU
		{98C4F68C-609F-4F2C-AED4-368ED35A1660}.Release|Any CPU.ActiveCfg = Release|Any CPU
		{98C4F68C-609F-4F2C-AED4-368ED35A1660}.Release|Any CPU.Build.0 = Release|Any CPU
		{E92C91B5-88E6-4CB5-BF0A-D25DE7C61887}.Debug|Any CPU.ActiveCfg = Debug|Any CPU
		{E92C91B5-88E6-4CB5-BF0A-D25DE7C61887}.Debug|Any CPU.Build.0 = Debug|Any CPU
		{E92C91B5-88E6-4CB5-BF0A-D25DE7C61887}.Release|Any CPU.ActiveCfg = Release|Any CPU
		{E92C91B5-88E6-4CB5-BF0A-D25DE7C61887}.Release|Any CPU.Build.0 = Release|Any CPU
	EndGlobalSection
	GlobalSection(SolutionProperties) = preSolution
		HideSolutionNode = FALSE
	EndGlobalSection
EndGlobal
